
Microsoft Visual Studio Solution File, Format Version 12.00
# Visual Studio Version 16
VisualStudioVersion = 16.0.29728.190
MinimumVisualStudioVersion = 10.0.40219.1
Project("{FAE04EC0-301F-11D3-BF4B-00C04F79EFBC}") = "TopLista.Web", "TopLista.Web\TopLista.Web.csproj", "{CA8A55FA-AE77-418F-B7C6-A3A673E81074}"
EndProject
Project("{FAE04EC0-301F-11D3-BF4B-00C04F79EFBC}") = "TopLista", "TopLista\TopLista.csproj", "{1FFE4E9D-6EE9-4B01-81E7-8FD66956E35C}"
EndProject
Global
	GlobalSection(SolutionConfigurationPlatforms) = preSolution
		Debug|Any CPU = Debug|Any CPU
		Release|Any CPU = Release|Any CPU
	EndGlobalSection
	GlobalSection(ProjectConfigurationPlatforms) = postSolution
		{CA8A55FA-AE77-418F-B7C6-A3A673E81074}.Debug|Any CPU.ActiveCfg = Debug|Any CPU
		{CA8A55FA-AE77-418F-B7C6-A3A673E81074}.Debug|Any CPU.Build.0 = Debug|Any CPU
		{CA8A55FA-AE77-418F-B7C6-A3A673E81074}.Release|Any CPU.ActiveCfg = Release|Any CPU
		{CA8A55FA-AE77-418F-B7C6-A3A673E81074}.Release|Any CPU.Build.0 = Release|Any CPU
		{1FFE4E9D-6EE9-4B01-81E7-8FD66956E35C}.Debug|Any CPU.ActiveCfg = Debug|Any CPU
		{1FFE4E9D-6EE9-4B01-81E7-8FD66956E35C}.Debug|Any CPU.Build.0 = Debug|Any CPU
		{1FFE4E9D-6EE9-4B01-81E7-8FD66956E35C}.Release|Any CPU.ActiveCfg = Release|Any CPU
		{1FFE4E9D-6EE9-4B01-81E7-8FD66956E35C}.Release|Any CPU.Build.0 = Release|Any CPU
	EndGlobalSection
	GlobalSection(SolutionProperties) = preSolution
		HideSolutionNode = FALSE
	EndGlobalSection
	GlobalSection(ExtensibilityGlobals) = postSolution
		SolutionGuid = {2E8CB48A-A0CB-49DE-BCF0-F929C8874CDA}
	EndGlobalSection
EndGlobal
